
Microsoft Visual Studio Solution File, Format Version 12.00
# Visual Studio 15
VisualStudioVersion = 15.0.26430.16
MinimumVisualStudioVersion = 15.0.26124.0
Project("{9A19103F-16F7-4668-BE54-9A1E7A4F7556}") = "MoEmbed.Tests", "MoEmbed.Tests\MoEmbed.Tests.csproj", "{15D8E42A-916A-45FC-A336-CEADC807C815}"
EndProject
Project("{9A19103F-16F7-4668-BE54-9A1E7A4F7556}") = "MoEmbed.Core", "MoEmbed.Core\MoEmbed.Core.csproj", "{325CE248-4D3E-405B-BA1E-9DBFA012C42F}"
EndProject
Project("{FAE04EC0-301F-11D3-BF4B-00C04F79EFBC}") = "MoEmbed.Twitter", "MoEmbed.Twitter\MoEmbed.Twitter.csproj", "{6A34DE81-D12C-480B-90B5-B9431342C3D3}"
EndProject
Project("{FAE04EC0-301F-11D3-BF4B-00C04F79EFBC}") = "MoEmbed.App", "MoEmbed.App\MoEmbed.App.csproj", "{7B314662-0857-438D-8F59-BD05DB1C0FF9}"
EndProject
Global
	GlobalSection(SolutionConfigurationPlatforms) = preSolution
		Debug|Any CPU = Debug|Any CPU
		Debug|x64 = Debug|x64
		Debug|x86 = Debug|x86
		Release|Any CPU = Release|Any CPU
		Release|x64 = Release|x64
		Release|x86 = Release|x86
	EndGlobalSection
	GlobalSection(ProjectConfigurationPlatforms) = postSolution
		{15D8E42A-916A-45FC-A336-CEADC807C815}.Debug|Any CPU.ActiveCfg = Debug|Any CPU
		{15D8E42A-916A-45FC-A336-CEADC807C815}.Debug|Any CPU.Build.0 = Debug|Any CPU
		{15D8E42A-916A-45FC-A336-CEADC807C815}.Debug|x64.ActiveCfg = Debug|Any CPU
		{15D8E42A-916A-45FC-A336-CEADC807C815}.Debug|x64.Build.0 = Debug|Any CPU
		{15D8E42A-916A-45FC-A336-CEADC807C815}.Debug|x86.ActiveCfg = Debug|Any CPU
		{15D8E42A-916A-45FC-A336-CEADC807C815}.Debug|x86.Build.0 = Debug|Any CPU
		{15D8E42A-916A-45FC-A336-CEADC807C815}.Release|Any CPU.ActiveCfg = Release|Any CPU
		{15D8E42A-916A-45FC-A336-CEADC807C815}.Release|Any CPU.Build.0 = Release|Any CPU
		{15D8E42A-916A-45FC-A336-CEADC807C815}.Release|x64.ActiveCfg = Release|Any CPU
		{15D8E42A-916A-45FC-A336-CEADC807C815}.Release|x64.Build.0 = Release|Any CPU
		{15D8E42A-916A-45FC-A336-CEADC807C815}.Release|x86.ActiveCfg = Release|Any CPU
		{15D8E42A-916A-45FC-A336-CEADC807C815}.Release|x86.Build.0 = Release|Any CPU
		{325CE248-4D3E-405B-BA1E-9DBFA012C42F}.Debug|Any CPU.ActiveCfg = Debug|Any CPU
		{325CE248-4D3E-405B-BA1E-9DBFA012C42F}.Debug|Any CPU.Build.0 = Debug|Any CPU
		{325CE248-4D3E-405B-BA1E-9DBFA012C42F}.Debug|x64.ActiveCfg = Debug|Any CPU
		{325CE248-4D3E-405B-BA1E-9DBFA012C42F}.Debug|x64.Build.0 = Debug|Any CPU
		{325CE248-4D3E-405B-BA1E-9DBFA012C42F}.Debug|x86.ActiveCfg = Debug|Any CPU
		{325CE248-4D3E-405B-BA1E-9DBFA012C42F}.Debug|x86.Build.0 = Debug|Any CPU
		{325CE248-4D3E-405B-BA1E-9DBFA012C42F}.Release|Any CPU.ActiveCfg = Release|Any CPU
		{325CE248-4D3E-405B-BA1E-9DBFA012C42F}.Release|Any CPU.Build.0 = Release|Any CPU
		{325CE248-4D3E-405B-BA1E-9DBFA012C42F}.Release|x64.ActiveCfg = Release|Any CPU
		{325CE248-4D3E-405B-BA1E-9DBFA012C42F}.Release|x64.Build.0 = Release|Any CPU
		{325CE248-4D3E-405B-BA1E-9DBFA012C42F}.Release|x86.ActiveCfg = Release|Any CPU
		{325CE248-4D3E-405B-BA1E-9DBFA012C42F}.Release|x86.Build.0 = Release|Any CPU
		{6A34DE81-D12C-480B-90B5-B9431342C3D3}.Debug|Any CPU.ActiveCfg = Debug|Any CPU
		{6A34DE81-D12C-480B-90B5-B9431342C3D3}.Debug|Any CPU.Build.0 = Debug|Any CPU
		{6A34DE81-D12C-480B-90B5-B9431342C3D3}.Debug|x64.ActiveCfg = Debug|Any CPU
		{6A34DE81-D12C-480B-90B5-B9431342C3D3}.Debug|x64.Build.0 = Debug|Any CPU
		{6A34DE81-D12C-480B-90B5-B9431342C3D3}.Debug|x86.ActiveCfg = Debug|Any CPU
		{6A34DE81-D12C-480B-90B5-B9431342C3D3}.Debug|x86.Build.0 = Debug|Any CPU
		{6A34DE81-D12C-480B-90B5-B9431342C3D3}.Release|Any CPU.ActiveCfg = Release|Any CPU
		{6A34DE81-D12C-480B-90B5-B9431342C3D3}.Release|Any CPU.Build.0 = Release|Any CPU
		{6A34DE81-D12C-480B-90B5-B9431342C3D3}.Release|x64.ActiveCfg = Release|Any CPU
		{6A34DE81-D12C-480B-90B5-B9431342C3D3}.Release|x64.Build.0 = Release|Any CPU
		{6A34DE81-D12C-480B-90B5-B9431342C3D3}.Release|x86.ActiveCfg = Release|Any CPU
		{6A34DE81-D12C-480B-90B5-B9431342C3D3}.Release|x86.Build.0 = Release|Any CPU
		{7B314662-0857-438D-8F59-BD05DB1C0FF9}.Debug|Any CPU.ActiveCfg = Debug|Any CPU
		{7B314662-0857-438D-8F59-BD05DB1C0FF9}.Debug|Any CPU.Build.0 = Debug|Any CPU
		{7B314662-0857-438D-8F59-BD05DB1C0FF9}.Debug|x64.ActiveCfg = Debug|Any CPU
		{7B314662-0857-438D-8F59-BD05DB1C0FF9}.Debug|x64.Build.0 = Debug|Any CPU
		{7B314662-0857-438D-8F59-BD05DB1C0FF9}.Debug|x86.ActiveCfg = Debug|Any CPU
		{7B314662-0857-438D-8F59-BD05DB1C0FF9}.Debug|x86.Build.0 = Debug|Any CPU
		{7B314662-0857-438D-8F59-BD05DB1C0FF9}.Release|Any CPU.ActiveCfg = Release|Any CPU
		{7B314662-0857-438D-8F59-BD05DB1C0FF9}.Release|Any CPU.Build.0 = Release|Any CPU
		{7B314662-0857-438D-8F59-BD05DB1C0FF9}.Release|x64.ActiveCfg = Release|Any CPU
		{7B314662-0857-438D-8F59-BD05DB1C0FF9}.Release|x64.Build.0 = Release|Any CPU
		{7B314662-0857-438D-8F59-BD05DB1C0FF9}.Release|x86.ActiveCfg = Release|Any CPU
		{7B314662-0857-438D-8F59-BD05DB1C0FF9}.Release|x86.Build.0 = Release|Any CPU
	EndGlobalSection
	GlobalSection(SolutionProperties) = preSolution
		HideSolutionNode = FALSE
	EndGlobalSection
EndGlobal
