{
  "version": 1,
  "dependencies": {
    "net10.0": {
      "Microsoft.Extensions.Configuration.CommandLine": {
        "type": "Direct",
        "requested": "[10.0.5, )",
        "resolved": "10.0.5",
        "contentHash": "or9fOLopMUTJOQVJ3bou4aD6PwvsiKf4kZC4EE5sRRKSkmh+wfk/LekJXRjAX88X+1JA9zHjDo+5fiQ7z3MY/A=="
      },
      "Microsoft.Extensions.Configuration.UserSecrets": {
        "type": "Direct",
        "requested": "[10.0.5, )",
        "resolved": "10.0.5",
        "contentHash": "fhdG6UV9lIp70QhNkVyaHciUVq25IPFkczheVJL9bIFvmnJ+Zghaie6dWkDbbVmxZlHl9gj3zTDxMxJs5zNhIA=="
      },
      "AngleSharp": {
        "type": "Transitive",
        "resolved": "1.4.0",
        "contentHash": "6ph8mpaQx0KL0COYRt0kI8MB9gSp1PtKijKMhJU//+aVFgKAJLKDesG/+26JSaVCOrHNgPf12wpfoyRcMYOeXg=="
      },
      "HtmlAgilityPack": {
        "type": "Transitive",
        "resolved": "1.12.4",
        "contentHash": "ljqvBabvFwKoLniuoQKO8b5bJfJweKLs4fUNS/V5dsvpo0A8MlJqxxn9XVmP2DaskbUXty6IYaWAi1SArGIMeQ=="
      },
      "Newtonsoft.Json": {
        "type": "Transitive",
        "resolved": "13.0.4",
        "contentHash": "pdgNNMai3zv51W5aq268sujXUyx7SNdE2bj1wZcWjAQrKMFZV260lbqYop1d2GM67JI1huLRwxo9ZqnfF/lC6A=="
      },
      "Portable.Xaml": {
        "type": "Transitive",
        "resolved": "0.26.0",
        "contentHash": "QQ3TwfgLTg5uAphAH8hIsnWXOicEhXVyR1Mk9jBzjqy+1YiigtpHIqhUzZeh02R/4OlXuXH+4i1FlGok5mzFkQ=="
      },
      "Shipwreck.OpenGraph": {
        "type": "Transitive",
        "resolved": "1.2.3",
        "contentHash": "DsX2GPPQ8tYT8hAPgh4nWKHOFXNVMXacSYqO84kVnX1cDSmkx9bRI/nVeZYsNlI/vb578Ajypa6WDSc4Qd0BRg=="
      },
      "moembed.codegeneration": {
        "type": "Project"
      },
      "moembed.core": {
        "type": "Project",
        "dependencies": {
          "AngleSharp": "[1.4.0, )",
          "HtmlAgilityPack": "[1.12.4, )",
          "MoEmbed.CodeGeneration": "[1.0.0, )",
          "MoEmbed.Models": "[1.0.0, )",
          "Newtonsoft.Json": "[13.0.4, )",
          "Portable.Xaml": "[0.26.0, )",
          "Shipwreck.OpenGraph": "[1.2.3, )"
        }
      },
      "moembed.models": {
        "type": "Project",
        "dependencies": {
          "Newtonsoft.Json": "[13.0.4, )",
          "Portable.Xaml": "[0.26.0, )"
        }
      }
    }
  }
}